
Microsoft Visual Studio Solution File, Format Version 12.00
# Visual Studio 15
VisualStudioVersion = 15.0.27130.2027
MinimumVisualStudioVersion = 10.0.40219.1
Project("{F2A71F9B-5D33-465A-A702-920D77279786}") = "line_chart_basic", "line_chart_basic\line_chart_basic.fsproj", "{889F426C-913C-41D7-9BAF-06C928672B39}"
EndProject
Project("{F2A71F9B-5D33-465A-A702-920D77279786}") = "line_chart_tuple_sequence", "line_chart_tuple_sequence\line_chart_tuple_sequence.fsproj", "{4E2041E1-2564-4862-B62D-5D8F7097658E}"
EndProject
Project("{F2A71F9B-5D33-465A-A702-920D77279786}") = "simple_linear_regression", "simple_linear_regression\simple_linear_regression.fsproj", "{36759376-9AFB-419B-B463-9F685BCBF842}"
EndProject
Project("{F2A71F9B-5D33-465A-A702-920D77279786}") = "bar_chart_basic", "bar_chart_basic\bar_chart_basic.fsproj", "{B470CD73-22DD-464B-9FD8-634BFBB44F42}"
EndProject
Project("{F2A71F9B-5D33-465A-A702-920D77279786}") = "boxplot_chart_basic", "boxplot_chart_basic\boxplot_chart_basic.fsproj", "{2197C16B-99A2-4CBE-A3EA-E652A6BA1639}"
EndProject
Project("{F2A71F9B-5D33-465A-A702-920D77279786}") = "pie_chart_basic", "pie_chart_basic\pie_chart_basic.fsproj", "{945410C7-913D-48AF-9C0B-5087628EABCB}"
EndProject
Global
	GlobalSection(SolutionConfigurationPlatforms) = preSolution
		Debug|Any CPU = Debug|Any CPU
		Release|Any CPU = Release|Any CPU
	EndGlobalSection
	GlobalSection(ProjectConfigurationPlatforms) = postSolution
		{889F426C-913C-41D7-9BAF-06C928672B39}.Debug|Any CPU.ActiveCfg = Debug|Any CPU
		{889F426C-913C-41D7-9BAF-06C928672B39}.Debug|Any CPU.Build.0 = Debug|Any CPU
		{889F426C-913C-41D7-9BAF-06C928672B39}.Release|Any CPU.ActiveCfg = Release|Any CPU
		{889F426C-913C-41D7-9BAF-06C928672B39}.Release|Any CPU.Build.0 = Release|Any CPU
		{4E2041E1-2564-4862-B62D-5D8F7097658E}.Debug|Any CPU.ActiveCfg = Debug|Any CPU
		{4E2041E1-2564-4862-B62D-5D8F7097658E}.Debug|Any CPU.Build.0 = Debug|Any CPU
		{4E2041E1-2564-4862-B62D-5D8F7097658E}.Release|Any CPU.ActiveCfg = Release|Any CPU
		{4E2041E1-2564-4862-B62D-5D8F7097658E}.Release|Any CPU.Build.0 = Release|Any CPU
		{36759376-9AFB-419B-B463-9F685BCBF842}.Debug|Any CPU.ActiveCfg = Debug|Any CPU
		{36759376-9AFB-419B-B463-9F685BCBF842}.Debug|Any CPU.Build.0 = Debug|Any CPU
		{36759376-9AFB-419B-B463-9F685BCBF842}.Release|Any CPU.ActiveCfg = Release|Any CPU
		{36759376-9AFB-419B-B463-9F685BCBF842}.Release|Any CPU.Build.0 = Release|Any CPU
		{B470CD73-22DD-464B-9FD8-634BFBB44F42}.Debug|Any CPU.ActiveCfg = Debug|Any CPU
		{B470CD73-22DD-464B-9FD8-634BFBB44F42}.Debug|Any CPU.Build.0 = Debug|Any CPU
		{B470CD73-22DD-464B-9FD8-634BFBB44F42}.Release|Any CPU.ActiveCfg = Release|Any CPU
		{B470CD73-22DD-464B-9FD8-634BFBB44F42}.Release|Any CPU.Build.0 = Release|Any CPU
		{2197C16B-99A2-4CBE-A3EA-E652A6BA1639}.Debug|Any CPU.ActiveCfg = Debug|Any CPU
		{2197C16B-99A2-4CBE-A3EA-E652A6BA1639}.Debug|Any CPU.Build.0 = Debug|Any CPU
		{2197C16B-99A2-4CBE-A3EA-E652A6BA1639}.Release|Any CPU.ActiveCfg = Release|Any CPU
		{2197C16B-99A2-4CBE-A3EA-E652A6BA1639}.Release|Any CPU.Build.0 = Release|Any CPU
		{945410C7-913D-48AF-9C0B-5087628EABCB}.Debug|Any CPU.ActiveCfg = Debug|Any CPU
		{945410C7-913D-48AF-9C0B-5087628EABCB}.Debug|Any CPU.Build.0 = Debug|Any CPU
		{945410C7-913D-48AF-9C0B-5087628EABCB}.Release|Any CPU.ActiveCfg = Release|Any CPU
		{945410C7-913D-48AF-9C0B-5087628EABCB}.Release|Any CPU.Build.0 = Release|Any CPU
	EndGlobalSection
	GlobalSection(SolutionProperties) = preSolution
		HideSolutionNode = FALSE
	EndGlobalSection
	GlobalSection(ExtensibilityGlobals) = postSolution
		SolutionGuid = {0EB155D2-9503-434D-8947-A8F9BEC01F3A}
	EndGlobalSection
EndGlobal
