
Microsoft Visual Studio Solution File, Format Version 12.00
# Visual Studio 15
VisualStudioVersion = 15.0.27130.2027
MinimumVisualStudioVersion = 10.0.40219.1
Project("{F2A71F9B-5D33-465A-A702-920D77279786}") = "line_chart_for_sequences", "sequence_as_line_chart\line_chart_for_sequences.fsproj", "{4DBFA994-71D5-471A-9DA2-5A3E3474DB11}"
EndProject
Project("{F2A71F9B-5D33-465A-A702-920D77279786}") = "line_chart_basic", "line_chart_basic\line_chart_basic.fsproj", "{889F426C-913C-41D7-9BAF-06C928672B39}"
EndProject
Global
	GlobalSection(SolutionConfigurationPlatforms) = preSolution
		Debug|Any CPU = Debug|Any CPU
		Release|Any CPU = Release|Any CPU
	EndGlobalSection
	GlobalSection(ProjectConfigurationPlatforms) = postSolution
		{4DBFA994-71D5-471A-9DA2-5A3E3474DB11}.Debug|Any CPU.ActiveCfg = Debug|Any CPU
		{4DBFA994-71D5-471A-9DA2-5A3E3474DB11}.Debug|Any CPU.Build.0 = Debug|Any CPU
		{4DBFA994-71D5-471A-9DA2-5A3E3474DB11}.Release|Any CPU.ActiveCfg = Release|Any CPU
		{4DBFA994-71D5-471A-9DA2-5A3E3474DB11}.Release|Any CPU.Build.0 = Release|Any CPU
		{889F426C-913C-41D7-9BAF-06C928672B39}.Debug|Any CPU.ActiveCfg = Debug|Any CPU
		{889F426C-913C-41D7-9BAF-06C928672B39}.Debug|Any CPU.Build.0 = Debug|Any CPU
		{889F426C-913C-41D7-9BAF-06C928672B39}.Release|Any CPU.ActiveCfg = Release|Any CPU
		{889F426C-913C-41D7-9BAF-06C928672B39}.Release|Any CPU.Build.0 = Release|Any CPU
	EndGlobalSection
	GlobalSection(SolutionProperties) = preSolution
		HideSolutionNode = FALSE
	EndGlobalSection
	GlobalSection(ExtensibilityGlobals) = postSolution
		SolutionGuid = {0EB155D2-9503-434D-8947-A8F9BEC01F3A}
	EndGlobalSection
EndGlobal
